
Microsoft Visual Studio Solution File, Format Version 12.00
# Visual Studio Version 17
VisualStudioVersion = 17.8.34511.84
MinimumVisualStudioVersion = 10.0.40219.1
Project("{FAE04EC0-301F-11D3-BF4B-00C04F79EFBC}") = "CompanyStructure", "CompanyStructure\CompanyStructure.csproj", "{3AC1C0ED-AB91-4CA6-967A-40B748CB3400}"
EndProject
Global
	GlobalSection(SolutionConfigurationPlatforms) = preSolution
		Debug|Any CPU = Debug|Any CPU
		Release|Any CPU = Release|Any CPU
	EndGlobalSection
	GlobalSection(ProjectConfigurationPlatforms) = postSolution
		{3AC1C0ED-AB91-4CA6-967A-40B748CB3400}.Debug|Any CPU.ActiveCfg = Debug|Any CPU
		{3AC1C0ED-AB91-4CA6-967A-40B748CB3400}.Debug|Any CPU.Build.0 = Debug|Any CPU
		{3AC1C0ED-AB91-4CA6-967A-40B748CB3400}.Release|Any CPU.ActiveCfg = Release|Any CPU
		{3AC1C0ED-AB91-4CA6-967A-40B748CB3400}.Release|Any CPU.Build.0 = Release|Any CPU
	EndGlobalSection
	GlobalSection(SolutionProperties) = preSolution
		HideSolutionNode = FALSE
	EndGlobalSection
	GlobalSection(ExtensibilityGlobals) = postSolution
		SolutionGuid = {E1CB9096-45B0-43AE-8C47-A5E04774A880}
	EndGlobalSection
EndGlobal
